
Microsoft Visual Studio Solution File, Format Version 12.00
# Visual Studio Version 16
VisualStudioVersion = 16.0.30204.135
MinimumVisualStudioVersion = 10.0.40219.1
Project("{FAE04EC0-301F-11D3-BF4B-00C04F79EFBC}") = "MvcApplicationTest", "MvcApplicationTest\MvcApplicationTest.csproj", "{B48694B5-65FB-43F7-A385-736B4A750479}"
EndProject
Project("{FAE04EC0-301F-11D3-BF4B-00C04F79EFBC}") = "MvcApplicationTest.Tests", "MvcApplicationTest.Tests\MvcApplicationTest.Tests.csproj", "{1744AC1E-9EBF-4FE0-8EA4-E729007545B3}"
EndProject
Project("{FAE04EC0-301F-11D3-BF4B-00C04F79EFBC}") = "MvcApplicationAcceptenceTest.Tests", "MvcApplicationAcceptenceTest.Tests\MvcApplicationAcceptenceTest.Tests.csproj", "{463F2B25-1419-43E3-B9FF-F48D757EBDE5}"
EndProject
Project("{FAE04EC0-301F-11D3-BF4B-00C04F79EFBC}") = "MvcApplicationComponentTest.Tests", "MvcApplicationComponentTest.Tests\MvcApplicationComponentTest.Tests.csproj", "{0F11D7E5-DB24-4FE9-BE25-CB02E0A8714E}"
EndProject
Project("{FAE04EC0-301F-11D3-BF4B-00C04F79EFBC}") = "MvcApplicationE2ETest.Tests", "MvcApplicationE2ETest.Tests\MvcApplicationE2ETest.Tests.csproj", "{D53DA47D-EB8E-40C2-85D2-6D5A19BB96FB}"
EndProject
Global
	GlobalSection(SolutionConfigurationPlatforms) = preSolution
		Debug|Any CPU = Debug|Any CPU
		Release|Any CPU = Release|Any CPU
	EndGlobalSection
	GlobalSection(ProjectConfigurationPlatforms) = postSolution
		{B48694B5-65FB-43F7-A385-736B4A750479}.Debug|Any CPU.ActiveCfg = Debug|Any CPU
		{B48694B5-65FB-43F7-A385-736B4A750479}.Debug|Any CPU.Build.0 = Debug|Any CPU
		{B48694B5-65FB-43F7-A385-736B4A750479}.Release|Any CPU.ActiveCfg = Release|Any CPU
		{B48694B5-65FB-43F7-A385-736B4A750479}.Release|Any CPU.Build.0 = Release|Any CPU
		{1744AC1E-9EBF-4FE0-8EA4-E729007545B3}.Debug|Any CPU.ActiveCfg = Debug|Any CPU
		{1744AC1E-9EBF-4FE0-8EA4-E729007545B3}.Debug|Any CPU.Build.0 = Debug|Any CPU
		{1744AC1E-9EBF-4FE0-8EA4-E729007545B3}.Release|Any CPU.ActiveCfg = Release|Any CPU
		{1744AC1E-9EBF-4FE0-8EA4-E729007545B3}.Release|Any CPU.Build.0 = Release|Any CPU
		{463F2B25-1419-43E3-B9FF-F48D757EBDE5}.Debug|Any CPU.ActiveCfg = Debug|Any CPU
		{463F2B25-1419-43E3-B9FF-F48D757EBDE5}.Debug|Any CPU.Build.0 = Debug|Any CPU
		{463F2B25-1419-43E3-B9FF-F48D757EBDE5}.Release|Any CPU.ActiveCfg = Release|Any CPU
		{463F2B25-1419-43E3-B9FF-F48D757EBDE5}.Release|Any CPU.Build.0 = Release|Any CPU
		{0F11D7E5-DB24-4FE9-BE25-CB02E0A8714E}.Debug|Any CPU.ActiveCfg = Debug|Any CPU
		{0F11D7E5-DB24-4FE9-BE25-CB02E0A8714E}.Debug|Any CPU.Build.0 = Debug|Any CPU
		{0F11D7E5-DB24-4FE9-BE25-CB02E0A8714E}.Release|Any CPU.ActiveCfg = Release|Any CPU
		{0F11D7E5-DB24-4FE9-BE25-CB02E0A8714E}.Release|Any CPU.Build.0 = Release|Any CPU
		{D53DA47D-EB8E-40C2-85D2-6D5A19BB96FB}.Debug|Any CPU.ActiveCfg = Debug|Any CPU
		{D53DA47D-EB8E-40C2-85D2-6D5A19BB96FB}.Debug|Any CPU.Build.0 = Debug|Any CPU
		{D53DA47D-EB8E-40C2-85D2-6D5A19BB96FB}.Release|Any CPU.ActiveCfg = Release|Any CPU
		{D53DA47D-EB8E-40C2-85D2-6D5A19BB96FB}.Release|Any CPU.Build.0 = Release|Any CPU
	EndGlobalSection
	GlobalSection(SolutionProperties) = preSolution
		HideSolutionNode = FALSE
	EndGlobalSection
	GlobalSection(ExtensibilityGlobals) = postSolution
		SolutionGuid = {C6C17533-31A5-45A4-88E3-05EF1F9A922E}
	EndGlobalSection
EndGlobal
